
Microsoft Visual Studio Solution File, Format Version 12.00
# Visual Studio Version 17
VisualStudioVersion = 17.7.34031.279
MinimumVisualStudioVersion = 10.0.40219.1
Project("{2150E333-8FDC-42A3-9474-1A3956D46DE8}") = "tests", "tests", "{1BA9DB0A-8961-4AA1-BB81-F8C2820FCB52}"
EndProject
Project("{2150E333-8FDC-42A3-9474-1A3956D46DE8}") = "src", "src", "{DD16BAD6-01BF-4AFD-9B41-3A90CAD6A376}"
EndProject
Project("{FAE04EC0-301F-11D3-BF4B-00C04F79EFBC}") = "Krosoft.Extensions.Options", "src\Krosoft.Extensions.Options\Krosoft.Extensions.Options.csproj", "{FABB30FC-05C3-4332-E6B9-42FE28B433BF}"
EndProject
Project("{FAE04EC0-301F-11D3-BF4B-00C04F79EFBC}") = "Krosoft.Extensions.Options.Tests", "tests\Krosoft.Extensions.Options.Tests\Krosoft.Extensions.Options.Tests.csproj", "{734E5BBA-6217-417B-93FB-C8E1B245B55B}"
EndProject
Global
	GlobalSection(SolutionConfigurationPlatforms) = preSolution
		Debug|Any CPU = Debug|Any CPU
		Release|Any CPU = Release|Any CPU
	EndGlobalSection
	GlobalSection(ProjectConfigurationPlatforms) = postSolution
		{FABB30FC-05C3-4332-E6B9-42FE28B433BF}.Debug|Any CPU.ActiveCfg = Debug|Any CPU
		{FABB30FC-05C3-4332-E6B9-42FE28B433BF}.Debug|Any CPU.Build.0 = Debug|Any CPU
		{FABB30FC-05C3-4332-E6B9-42FE28B433BF}.Release|Any CPU.ActiveCfg = Release|Any CPU
		{FABB30FC-05C3-4332-E6B9-42FE28B433BF}.Release|Any CPU.Build.0 = Release|Any CPU
		{734E5BBA-6217-417B-93FB-C8E1B245B55B}.Debug|Any CPU.ActiveCfg = Debug|Any CPU
		{734E5BBA-6217-417B-93FB-C8E1B245B55B}.Debug|Any CPU.Build.0 = Debug|Any CPU
		{734E5BBA-6217-417B-93FB-C8E1B245B55B}.Release|Any CPU.ActiveCfg = Release|Any CPU
		{734E5BBA-6217-417B-93FB-C8E1B245B55B}.Release|Any CPU.Build.0 = Release|Any CPU
	EndGlobalSection
	GlobalSection(SolutionProperties) = preSolution
		HideSolutionNode = FALSE
	EndGlobalSection
	GlobalSection(NestedProjects) = preSolution
		{FABB30FC-05C3-4332-E6B9-42FE28B433BF} = {DD16BAD6-01BF-4AFD-9B41-3A90CAD6A376}
		{734E5BBA-6217-417B-93FB-C8E1B245B55B} = {1BA9DB0A-8961-4AA1-BB81-F8C2820FCB52}
	EndGlobalSection
	GlobalSection(ExtensibilityGlobals) = postSolution
		SolutionGuid = {3ABC8EAA-58CC-445C-B724-7CB7158E0F62}
	EndGlobalSection
EndGlobal
